Microsoft Visual Studio Solution File, Format Version 11.00
# Visual Studio 2008

Project("{E160C488-5676-FF7C-5C0A-EEA26DC20DBF}") = "Laser Dash", "Assembly-CSharp.csproj", "{920C310A-6417-4A87-517C-3B13AFFD6A2F}"
EndProject
Project("{E160C488-5676-FF7C-5C0A-EEA26DC20DBF}") = "Laser Dash", "Assembly-CSharp-Editor.csproj", "{9C7998A7-6603-E246-ABB6-5D60C93F4428}"
EndProject
Global
	GlobalSection(SolutionConfigurationPlatforms) = preSolution
		Debug|Any CPU = Debug|Any CPU
		Release|Any CPU = Release|Any CPU
	EndGlobalSection
	GlobalSection(ProjectConfigurationPlatforms) = postSolution
		{920C310A-6417-4A87-517C-3B13AFFD6A2F}.Debug|Any CPU.ActiveCfg = Debug|Any CPU
		{920C310A-6417-4A87-517C-3B13AFFD6A2F}.Debug|Any CPU.Build.0 = Debug|Any CPU
		{920C310A-6417-4A87-517C-3B13AFFD6A2F}.Release|Any CPU.ActiveCfg = Release|Any CPU
		{920C310A-6417-4A87-517C-3B13AFFD6A2F}.Release|Any CPU.Build.0 = Release|Any CPU
		{9C7998A7-6603-E246-ABB6-5D60C93F4428}.Debug|Any CPU.ActiveCfg = Debug|Any CPU
		{9C7998A7-6603-E246-ABB6-5D60C93F4428}.Debug|Any CPU.Build.0 = Debug|Any CPU
		{9C7998A7-6603-E246-ABB6-5D60C93F4428}.Release|Any CPU.ActiveCfg = Release|Any CPU
		{9C7998A7-6603-E246-ABB6-5D60C93F4428}.Release|Any CPU.Build.0 = Release|Any CPU
	EndGlobalSection
	GlobalSection(SolutionProperties) = preSolution
		HideSolutionNode = FALSE
	EndGlobalSection
	GlobalSection(MonoDevelopProperties) = preSolution
		StartupItem = Assembly-CSharp.csproj
	EndGlobalSection
EndGlobal
